
Microsoft Visual Studio Solution File, Format Version 12.00
# Visual Studio Version 16
VisualStudioVersion = 16.0.31605.320
MinimumVisualStudioVersion = 10.0.40219.1
Project("{9A19103F-16F7-4668-BE54-9A1E7A4F7556}") = "Trees", "Trees.csproj", "{A47D890D-C3ED-46EA-BDDB-526418637B9A}"
EndProject
Global
	GlobalSection(SolutionConfigurationPlatforms) = preSolution
		Debug|Any CPU = Debug|Any CPU
		Release|Any CPU = Release|Any CPU
	EndGlobalSection
	GlobalSection(ProjectConfigurationPlatforms) = postSolution
		{A47D890D-C3ED-46EA-BDDB-526418637B9A}.Debug|Any CPU.ActiveCfg = Debug|Any CPU
		{A47D890D-C3ED-46EA-BDDB-526418637B9A}.Debug|Any CPU.Build.0 = Debug|Any CPU
		{A47D890D-C3ED-46EA-BDDB-526418637B9A}.Release|Any CPU.ActiveCfg = Release|Any CPU
		{A47D890D-C3ED-46EA-BDDB-526418637B9A}.Release|Any CPU.Build.0 = Release|Any CPU
	EndGlobalSection
	GlobalSection(SolutionProperties) = preSolution
		HideSolutionNode = FALSE
	EndGlobalSection
	GlobalSection(ExtensibilityGlobals) = postSolution
		SolutionGuid = {DD9A9DCB-899F-487A-A2EB-78D61BD37671}
	EndGlobalSection
EndGlobal
